
Microsoft Visual Studio Solution File, Format Version 12.00
# Visual Studio 15
Project("{FAE04EC0-301F-11D3-BF4B-00C04F79EFBC}") = "Assembly-CSharp", "Assembly-CSharp.csproj", "{B357CCF0-10CB-A38C-C9D1-EB32176BB70D}"
EndProject
Global
	GlobalSection(SolutionConfigurationPlatforms) = preSolution
		Debug|Any CPU = Debug|Any CPU
		Release|Any CPU = Release|Any CPU
	EndGlobalSection
	GlobalSection(ProjectConfigurationPlatforms) = postSolution
		{B357CCF0-10CB-A38C-C9D1-EB32176BB70D}.Debug|Any CPU.ActiveCfg = Debug|Any CPU
		{B357CCF0-10CB-A38C-C9D1-EB32176BB70D}.Debug|Any CPU.Build.0 = Debug|Any CPU
		{B357CCF0-10CB-A38C-C9D1-EB32176BB70D}.Release|Any CPU.ActiveCfg = Release|Any CPU
		{B357CCF0-10CB-A38C-C9D1-EB32176BB70D}.Release|Any CPU.Build.0 = Release|Any CPU
	EndGlobalSection
	GlobalSection(SolutionProperties) = preSolution
		HideSolutionNode = FALSE
	EndGlobalSection
EndGlobal
